{
  "name": "@aramisfa/openclaw-a2a-outbound",
  "version": "0.1.0",
  "lockfileVersion": 3,
  "requires": true,
  "packages": {
    "": {
      "name": "@aramisfa/openclaw-a2a-outbound",
      "version": "0.1.0",
      "dependencies": {
        "@a2a-js/sdk": "^0.3.10",
        "openclaw": "2026.3.2"
      },
      "engines": {
        "node": ">=22.12.0"
      },
      "peerDependencies": {
        "openclaw": "2026.3.2"
      }
    },
    "../../node_modules/.pnpm/@a2a-js+sdk@0.3.10_express@5.2.1/node_modules/@a2a-js/sdk": {
      "version": "0.3.10",
      "license": "Apache-2.0",
      "dependencies": {
        "uuid": "^11.1.0"
      },
      "devDependencies": {
        "@bufbuild/buf": "^1.61.0",
        "@bufbuild/protobuf": "^2.10.2",
        "@cloudflare/vitest-pool-workers": "^0.12.5",
        "@eslint/js": "^9.39.1",
        "@grpc/grpc-js": "^1.11.0",
        "@types/express": "^5.0.3",
        "@types/node": "^22.13.14",
        "@types/supertest": "^6.0.3",
        "@vitest/coverage-v8": "^3.2.4",
        "esbuild": "^0.27.0",
        "eslint": "^9.39.1",
        "eslint-config-prettier": "^10.1.8",
        "eslint-plugin-prettier": "^5.5.4",
        "express": "^5.1.0",
        "json-schema-to-typescript": "^15.0.4",
        "prettier": "^3.6.2",
        "supertest": "^7.1.4",
        "tsup": "^8.5.0",
        "tsx": "^4.19.3",
        "typescript": "^5.9.3",
        "typescript-eslint": "^8.46.4",
        "vitest": "^3.2.4"
      },
      "engines": {
        "node": ">=18"
      },
      "peerDependencies": {
        "@bufbuild/protobuf": "^2.10.2",
        "@grpc/grpc-js": "^1.11.0",
        "express": "^4.21.2 || ^5.1.0"
      },
      "peerDependenciesMeta": {
        "@bufbuild/protobuf": {
          "optional": true
        },
        "@grpc/grpc-js": {
          "optional": true
        },
        "express": {
          "optional": true
        }
      }
    },
    "../../node_modules/.pnpm/openclaw@2026.3.2_@napi-rs+canvas@0.1.96_@types+express@5.0.6_hono@4.12.5_node-llama-cpp@3.16.2_typescript@5.9.3_/node_modules/openclaw": {
      "version": "2026.3.2",
      "license": "MIT",
      "dependencies": {
        "@agentclientprotocol/sdk": "0.14.1",
        "@aws-sdk/client-bedrock": "^3.1000.0",
        "@buape/carbon": "0.0.0-beta-20260216184201",
        "@clack/prompts": "^1.0.1",
        "@discordjs/voice": "^0.19.0",
        "@grammyjs/runner": "^2.0.3",
        "@grammyjs/transformer-throttler": "^1.2.1",
        "@homebridge/ciao": "^1.3.5",
        "@larksuiteoapi/node-sdk": "^1.59.0",
        "@line/bot-sdk": "^10.6.0",
        "@lydell/node-pty": "1.2.0-beta.3",
        "@mariozechner/pi-agent-core": "0.55.3",
        "@mariozechner/pi-ai": "0.55.3",
        "@mariozechner/pi-coding-agent": "0.55.3",
        "@mariozechner/pi-tui": "0.55.3",
        "@mozilla/readability": "^0.6.0",
        "@sinclair/typebox": "0.34.48",
        "@slack/bolt": "^4.6.0",
        "@slack/web-api": "^7.14.1",
        "@snazzah/davey": "^0.1.9",
        "@whiskeysockets/baileys": "7.0.0-rc.9",
        "ajv": "^8.18.0",
        "chalk": "^5.6.2",
        "chokidar": "^5.0.0",
        "cli-highlight": "^2.1.11",
        "commander": "^14.0.3",
        "croner": "^10.0.1",
        "discord-api-types": "^0.38.40",
        "dotenv": "^17.3.1",
        "express": "^5.2.1",
        "file-type": "^21.3.0",
        "gaxios": "7.1.3",
        "google-auth-library": "10.6.1",
        "grammy": "^1.41.0",
        "https-proxy-agent": "^7.0.6",
        "ipaddr.js": "^2.3.0",
        "jiti": "^2.6.1",
        "json5": "^2.2.3",
        "jszip": "^3.10.1",
        "linkedom": "^0.18.12",
        "long": "^5.3.2",
        "markdown-it": "^14.1.1",
        "node-domexception": "npm:@nolyfill/domexception@^1.0.28",
        "node-edge-tts": "^1.2.10",
        "opusscript": "^0.1.1",
        "osc-progress": "^0.3.0",
        "pdfjs-dist": "^5.5.207",
        "playwright-core": "1.58.2",
        "qrcode-terminal": "^0.12.0",
        "sharp": "^0.34.5",
        "sqlite-vec": "0.1.7-alpha.2",
        "strip-ansi": "^7.2.0",
        "tar": "7.5.9",
        "tslog": "^4.10.2",
        "undici": "^7.22.0",
        "ws": "^8.19.0",
        "yaml": "^2.8.2",
        "zod": "^4.3.6"
      },
      "bin": {
        "openclaw": "openclaw.mjs"
      },
      "devDependencies": {
        "@grammyjs/types": "^3.25.0",
        "@lit-labs/signals": "^0.2.0",
        "@lit/context": "^1.1.6",
        "@types/express": "^5.0.6",
        "@types/markdown-it": "^14.1.2",
        "@types/node": "^25.3.3",
        "@types/qrcode-terminal": "^0.12.2",
        "@types/ws": "^8.18.1",
        "@typescript/native-preview": "7.0.0-dev.20260301.1",
        "@vitest/coverage-v8": "^4.0.18",
        "lit": "^3.3.2",
        "oxfmt": "0.35.0",
        "oxlint": "^1.50.0",
        "oxlint-tsgolint": "^0.15.0",
        "signal-utils": "0.21.1",
        "tsdown": "0.21.0-beta.2",
        "tsx": "^4.21.0",
        "typescript": "^5.9.3",
        "vitest": "^4.0.18"
      },
      "engines": {
        "node": ">=22.12.0"
      },
      "optionalDependencies": {
        "@discordjs/opus": "^0.10.0"
      },
      "peerDependencies": {
        "@napi-rs/canvas": "^0.1.89",
        "node-llama-cpp": "3.16.2"
      }
    },
    "node_modules/@a2a-js/sdk": {
      "resolved": "../../node_modules/.pnpm/@a2a-js+sdk@0.3.10_express@5.2.1/node_modules/@a2a-js/sdk",
      "link": true
    },
    "node_modules/openclaw": {
      "resolved": "../../node_modules/.pnpm/openclaw@2026.3.2_@napi-rs+canvas@0.1.96_@types+express@5.0.6_hono@4.12.5_node-llama-cpp@3.16.2_typescript@5.9.3_/node_modules/openclaw",
      "link": true
    }
  }
}
